
Microsoft Visual Studio Solution File, Format Version 12.00
# Visual Studio Version 17
VisualStudioVersion = 17.7.34009.444
MinimumVisualStudioVersion = 10.0.40219.1
Project("{FAE04EC0-301F-11D3-BF4B-00C04F79EFBC}") = "DecimoPrimeiroProjeto", "DecimoPrimeiroProjeto\DecimoPrimeiroProjeto.csproj", "{C03B93B9-B07F-4DF7-A43F-57D4BE6B3B59}"
EndProject
Global
	GlobalSection(SolutionConfigurationPlatforms) = preSolution
		Debug|Any CPU = Debug|Any CPU
		Release|Any CPU = Release|Any CPU
	EndGlobalSection
	GlobalSection(ProjectConfigurationPlatforms) = postSolution
		{C03B93B9-B07F-4DF7-A43F-57D4BE6B3B59}.Debug|Any CPU.ActiveCfg = Debug|Any CPU
		{C03B93B9-B07F-4DF7-A43F-57D4BE6B3B59}.Debug|Any CPU.Build.0 = Debug|Any CPU
		{C03B93B9-B07F-4DF7-A43F-57D4BE6B3B59}.Release|Any CPU.ActiveCfg = Release|Any CPU
		{C03B93B9-B07F-4DF7-A43F-57D4BE6B3B59}.Release|Any CPU.Build.0 = Release|Any CPU
	EndGlobalSection
	GlobalSection(SolutionProperties) = preSolution
		HideSolutionNode = FALSE
	EndGlobalSection
	GlobalSection(ExtensibilityGlobals) = postSolution
		SolutionGuid = {C88397CC-41C2-4F3F-962F-BB0DBCCCE058}
	EndGlobalSection
EndGlobal
