
Microsoft Visual Studio Solution File, Format Version 12.00
# Visual Studio Version 17
VisualStudioVersion = 17.7.34009.444
MinimumVisualStudioVersion = 10.0.40219.1
Project("{FAE04EC0-301F-11D3-BF4B-00C04F79EFBC}") = "ExercicioEstruturalCondicional5", "ExercicioEstruturalCondicional5\ExercicioEstruturalCondicional5.csproj", "{0EEBE1AC-CBB9-4F08-88A0-FD16F1D2CA57}"
EndProject
Global
	GlobalSection(SolutionConfigurationPlatforms) = preSolution
		Debug|Any CPU = Debug|Any CPU
		Release|Any CPU = Release|Any CPU
	EndGlobalSection
	GlobalSection(ProjectConfigurationPlatforms) = postSolution
		{0EEBE1AC-CBB9-4F08-88A0-FD16F1D2CA57}.Debug|Any CPU.ActiveCfg = Debug|Any CPU
		{0EEBE1AC-CBB9-4F08-88A0-FD16F1D2CA57}.Debug|Any CPU.Build.0 = Debug|Any CPU
		{0EEBE1AC-CBB9-4F08-88A0-FD16F1D2CA57}.Release|Any CPU.ActiveCfg = Release|Any CPU
		{0EEBE1AC-CBB9-4F08-88A0-FD16F1D2CA57}.Release|Any CPU.Build.0 = Release|Any CPU
	EndGlobalSection
	GlobalSection(SolutionProperties) = preSolution
		HideSolutionNode = FALSE
	EndGlobalSection
	GlobalSection(ExtensibilityGlobals) = postSolution
		SolutionGuid = {7B91B91C-F850-4B7C-AD04-BDBB0DE106BA}
	EndGlobalSection
EndGlobal
