
Microsoft Visual Studio Solution File, Format Version 12.00
# Visual Studio Version 17
VisualStudioVersion = 17.7.34009.444
MinimumVisualStudioVersion = 10.0.40219.1
Project("{FAE04EC0-301F-11D3-BF4B-00C04F79EFBC}") = "Exe1", "Exe1\Exe1.csproj", "{99CD5017-5E52-4F91-A31A-3696A2F85787}"
EndProject
Global
	GlobalSection(SolutionConfigurationPlatforms) = preSolution
		Debug|Any CPU = Debug|Any CPU
		Release|Any CPU = Release|Any CPU
	EndGlobalSection
	GlobalSection(ProjectConfigurationPlatforms) = postSolution
		{99CD5017-5E52-4F91-A31A-3696A2F85787}.Debug|Any CPU.ActiveCfg = Debug|Any CPU
		{99CD5017-5E52-4F91-A31A-3696A2F85787}.Debug|Any CPU.Build.0 = Debug|Any CPU
		{99CD5017-5E52-4F91-A31A-3696A2F85787}.Release|Any CPU.ActiveCfg = Release|Any CPU
		{99CD5017-5E52-4F91-A31A-3696A2F85787}.Release|Any CPU.Build.0 = Release|Any CPU
	EndGlobalSection
	GlobalSection(SolutionProperties) = preSolution
		HideSolutionNode = FALSE
	EndGlobalSection
	GlobalSection(ExtensibilityGlobals) = postSolution
		SolutionGuid = {46E81A14-0C81-4503-B163-AE20F9CF3D8F}
	EndGlobalSection
EndGlobal
