
Microsoft Visual Studio Solution File, Format Version 12.00
# Visual Studio Version 17
VisualStudioVersion = 17.7.34009.444
MinimumVisualStudioVersion = 10.0.40219.1
Project("{FAE04EC0-301F-11D3-BF4B-00C04F79EFBC}") = "ExercicioEstruturalCondicional2", "ExercicioEstruturalCondicional2\ExercicioEstruturalCondicional2.csproj", "{B532CB4B-779A-4667-BC17-E29DDB91C3E1}"
EndProject
Global
	GlobalSection(SolutionConfigurationPlatforms) = preSolution
		Debug|Any CPU = Debug|Any CPU
		Release|Any CPU = Release|Any CPU
	EndGlobalSection
	GlobalSection(ProjectConfigurationPlatforms) = postSolution
		{B532CB4B-779A-4667-BC17-E29DDB91C3E1}.Debug|Any CPU.ActiveCfg = Debug|Any CPU
		{B532CB4B-779A-4667-BC17-E29DDB91C3E1}.Debug|Any CPU.Build.0 = Debug|Any CPU
		{B532CB4B-779A-4667-BC17-E29DDB91C3E1}.Release|Any CPU.ActiveCfg = Release|Any CPU
		{B532CB4B-779A-4667-BC17-E29DDB91C3E1}.Release|Any CPU.Build.0 = Release|Any CPU
	EndGlobalSection
	GlobalSection(SolutionProperties) = preSolution
		HideSolutionNode = FALSE
	EndGlobalSection
	GlobalSection(ExtensibilityGlobals) = postSolution
		SolutionGuid = {AF593991-4F50-437C-8AD1-CD1BDEEBF7D6}
	EndGlobalSection
EndGlobal
