
Microsoft Visual Studio Solution File, Format Version 12.00
# Visual Studio Version 17
VisualStudioVersion = 17.7.34009.444
MinimumVisualStudioVersion = 10.0.40219.1
Project("{FAE04EC0-301F-11D3-BF4B-00C04F79EFBC}") = "ExercicioWhile1", "ExercicioWhile1.csproj", "{CE69341C-D84B-4331-B0A2-7E2E8F958B9B}"
EndProject
Global
	GlobalSection(SolutionConfigurationPlatforms) = preSolution
		Debug|Any CPU = Debug|Any CPU
		Release|Any CPU = Release|Any CPU
	EndGlobalSection
	GlobalSection(ProjectConfigurationPlatforms) = postSolution
		{CE69341C-D84B-4331-B0A2-7E2E8F958B9B}.Debug|Any CPU.ActiveCfg = Debug|Any CPU
		{CE69341C-D84B-4331-B0A2-7E2E8F958B9B}.Debug|Any CPU.Build.0 = Debug|Any CPU
		{CE69341C-D84B-4331-B0A2-7E2E8F958B9B}.Release|Any CPU.ActiveCfg = Release|Any CPU
		{CE69341C-D84B-4331-B0A2-7E2E8F958B9B}.Release|Any CPU.Build.0 = Release|Any CPU
	EndGlobalSection
	GlobalSection(SolutionProperties) = preSolution
		HideSolutionNode = FALSE
	EndGlobalSection
	GlobalSection(ExtensibilityGlobals) = postSolution
		SolutionGuid = {F7EDE361-1ED4-4D2F-81C2-C56533CDA940}
	EndGlobalSection
EndGlobal
